
Microsoft Visual Studio Solution File, Format Version 12.00
# Visual Studio Version 16
VisualStudioVersion = 16.0.30114.105
MinimumVisualStudioVersion = 10.0.40219.1
Project("{FAE04EC0-301F-11D3-BF4B-00C04F79EFBC}") = "BuberBreakfast.Contracts", "BuberBreakfast.Contracts\BuberBreakfast.Contracts.csproj", "{0EAC9A4F-3B5F-4758-9318-3C60FD6D0ED9}"
EndProject
Project("{FAE04EC0-301F-11D3-BF4B-00C04F79EFBC}") = "BuberBreakfast", "BuberBreakfast\BuberBreakfast.csproj", "{A649E2C4-1599-4F9A-9667-3FFF5BEB6FD4}"
EndProject
Global
	GlobalSection(SolutionConfigurationPlatforms) = preSolution
		Debug|Any CPU = Debug|Any CPU
		Release|Any CPU = Release|Any CPU
	EndGlobalSection
	GlobalSection(SolutionProperties) = preSolution
		HideSolutionNode = FALSE
	EndGlobalSection
	GlobalSection(ProjectConfigurationPlatforms) = postSolution
		{0EAC9A4F-3B5F-4758-9318-3C60FD6D0ED9}.Debug|Any CPU.ActiveCfg = Debug|Any CPU
		{0EAC9A4F-3B5F-4758-9318-3C60FD6D0ED9}.Debug|Any CPU.Build.0 = Debug|Any CPU
		{0EAC9A4F-3B5F-4758-9318-3C60FD6D0ED9}.Release|Any CPU.ActiveCfg = Release|Any CPU
		{0EAC9A4F-3B5F-4758-9318-3C60FD6D0ED9}.Release|Any CPU.Build.0 = Release|Any CPU
		{A649E2C4-1599-4F9A-9667-3FFF5BEB6FD4}.Debug|Any CPU.ActiveCfg = Debug|Any CPU
		{A649E2C4-1599-4F9A-9667-3FFF5BEB6FD4}.Debug|Any CPU.Build.0 = Debug|Any CPU
		{A649E2C4-1599-4F9A-9667-3FFF5BEB6FD4}.Release|Any CPU.ActiveCfg = Release|Any CPU
		{A649E2C4-1599-4F9A-9667-3FFF5BEB6FD4}.Release|Any CPU.Build.0 = Release|Any CPU
	EndGlobalSection
EndGlobal
